// !$*UTF8*$!
{
	archiveVersion = 1;
	classes = {
	};
	objectVersion = 50;
	objects = {

/* Begin PBXBuildFile section */
		B03EB14126663A8B00A229E5 /* AnimationProjectApp.swift in Sources */ = {isa = PBXBuildFile; fileRef = B03EB14026663A8B00A229E5 /* AnimationProjectApp.swift */; };
		B03EB14326663A8B00A229E5 /* ContentView.swift in Sources */ = {isa = PBXBuildFile; fileRef = B03EB14226663A8B00A229E5 /* ContentView.swift */; };
		B03EB14526663A9700A229E5 /* Assets.xcassets in Resources */ = {isa = PBXBuildFile; fileRef = B03EB14426663A9700A229E5 /* Assets.xcassets */; };
		B03EB14826663A9700A229E5 /* Preview Assets.xcassets in Resources */ = {isa = PBXBuildFile; fileRef = B03EB14726663A9700A229E5 /* Preview Assets.xcassets */; };
		B03EB15A2666413900A229E5 /* StyleGuideColors.swift in Sources */ = {isa = PBXBuildFile; fileRef = B03EB1502666413900A229E5 /* StyleGuideColors.swift */; };
		B03EB15B2666413900A229E5 /* ShadowExamples.swift in Sources */ = {isa = PBXBuildFile; fileRef = B03EB1512666413900A229E5 /* ShadowExamples.swift */; };
		B03EB15C2666413900A229E5 /* TextExamples.swift in Sources */ = {isa = PBXBuildFile; fileRef = B03EB1522666413900A229E5 /* TextExamples.swift */; };
		B03EB15D2666413900A229E5 /* StyleGuideCard.swift in Sources */ = {isa = PBXBuildFile; fileRef = B03EB1532666413900A229E5 /* StyleGuideCard.swift */; };
		B03EB15E2666413900A229E5 /* GradientExamples.swift in Sources */ = {isa = PBXBuildFile; fileRef = B03EB1542666413900A229E5 /* GradientExamples.swift */; };
		B03EB15F2666413900A229E5 /* ColorExamples.swift in Sources */ = {isa = PBXBuildFile; fileRef = B03EB1552666413900A229E5 /* ColorExamples.swift */; };
		B03EB1602666413A00A229E5 /* ButtonExamples.swift in Sources */ = {isa = PBXBuildFile; fileRef = B03EB1562666413900A229E5 /* ButtonExamples.swift */; };
		B03EB1612666413A00A229E5 /* StyleGuideShadows.swift in Sources */ = {isa = PBXBuildFile; fileRef = B03EB1572666413900A229E5 /* StyleGuideShadows.swift */; };
		B03EB1622666413A00A229E5 /* StyleGuideTypography.swift in Sources */ = {isa = PBXBuildFile; fileRef = B03EB1582666413900A229E5 /* StyleGuideTypography.swift */; };
		B03EB1632666413A00A229E5 /* TextFontExamples.swift in Sources */ = {isa = PBXBuildFile; fileRef = B03EB1592666413900A229E5 /* TextFontExamples.swift */; };
		B03EB1672666416B00A229E5 /* SpecialEffectView.swift in Sources */ = {isa = PBXBuildFile; fileRef = B03EB1652666416B00A229E5 /* SpecialEffectView.swift */; };
		B03EB1682666416B00A229E5 /* UsingShapesImages.swift in Sources */ = {isa = PBXBuildFile; fileRef = B03EB1662666416B00A229E5 /* UsingShapesImages.swift */; };
		B03EB1712666419D00A229E5 /* ShapeModifierExamples.swift in Sources */ = {isa = PBXBuildFile; fileRef = B03EB16C2666419D00A229E5 /* ShapeModifierExamples.swift */; };
		B03EB1722666419D00A229E5 /* ShapeDrawingExamples.swift in Sources */ = {isa = PBXBuildFile; fileRef = B03EB16D2666419D00A229E5 /* ShapeDrawingExamples.swift */; };
		B03EB1732666419D00A229E5 /* EmptyArrow.swift in Sources */ = {isa = PBXBuildFile; fileRef = B03EB16E2666419D00A229E5 /* EmptyArrow.swift */; };
		B03EB1742666419D00A229E5 /* ShapeExamples.swift in Sources */ = {isa = PBXBuildFile; fileRef = B03EB16F2666419D00A229E5 /* ShapeExamples.swift */; };
		B03EB1752666419D00A229E5 /* CustomShapeDrawings.swift in Sources */ = {isa = PBXBuildFile; fileRef = B03EB1702666419D00A229E5 /* CustomShapeDrawings.swift */; };
		B03EB179266641AA00A229E5 /* ImageColorOverview.swift in Sources */ = {isa = PBXBuildFile; fileRef = B03EB176266641AA00A229E5 /* ImageColorOverview.swift */; };
		B03EB17A266641AA00A229E5 /* ImageSizingOverview.swift in Sources */ = {isa = PBXBuildFile; fileRef = B03EB177266641AA00A229E5 /* ImageSizingOverview.swift */; };
		B03EB17B266641AA00A229E5 /* BlurOverlayExample.swift in Sources */ = {isa = PBXBuildFile; fileRef = B03EB178266641AA00A229E5 /* BlurOverlayExample.swift */; };
		B03EB17F266641B900A229E5 /* CustomIconView.swift in Sources */ = {isa = PBXBuildFile; fileRef = B03EB17C266641B800A229E5 /* CustomIconView.swift */; };
		B03EB180266641B900A229E5 /* SystemIconExamples.swift in Sources */ = {isa = PBXBuildFile; fileRef = B03EB17D266641B800A229E5 /* SystemIconExamples.swift */; };
		B03EB181266641B900A229E5 /* LabelView.swift in Sources */ = {isa = PBXBuildFile; fileRef = B03EB17E266641B900A229E5 /* LabelView.swift */; };
		B03EB1842666421600A229E5 /* IntroAnimation.swift in Sources */ = {isa = PBXBuildFile; fileRef = B03EB1832666421600A229E5 /* IntroAnimation.swift */; };
		B03EB18A2666425E00A229E5 /* PiShape.swift in Sources */ = {isa = PBXBuildFile; fileRef = B03EB1892666425E00A229E5 /* PiShape.swift */; };
/* End PBXBuildFile section */

/* Begin PBXFileReference section */
		B03EB13D26663A8B00A229E5 /* AnimationProject.app */ = {isa = PBXFileReference; explicitFileType = wrapper.application; includeInIndex = 0; path = AnimationProject.app; sourceTree = BUILT_PRODUCTS_DIR; };
		B03EB14026663A8B00A229E5 /* AnimationProjectApp.swift */ = {isa = PBXFileReference; lastKnownFileType = sourcecode.swift; path = AnimationProjectApp.swift; sourceTree = "<group>"; };
		B03EB14226663A8B00A229E5 /* ContentView.swift */ = {isa = PBXFileReference; lastKnownFileType = sourcecode.swift; path = ContentView.swift; sourceTree = "<group>"; };
		B03EB14426663A9700A229E5 /* Assets.xcassets */ = {isa = PBXFileReference; lastKnownFileType = folder.assetcatalog; path = Assets.xcassets; sourceTree = "<group>"; };
		B03EB14726663A9700A229E5 /* Preview Assets.xcassets */ = {isa = PBXFileReference; lastKnownFileType = folder.assetcatalog; path = "Preview Assets.xcassets"; sourceTree = "<group>"; };
		B03EB14926663A9700A229E5 /* Info.plist */ = {isa = PBXFileReference; lastKnownFileType = text.plist.xml; path = Info.plist; sourceTree = "<group>"; };
		B03EB1502666413900A229E5 /* StyleGuideColors.swift */ = {isa = PBXFileReference; fileEncoding = 4; lastKnownFileType = sourcecode.swift; path = StyleGuideColors.swift; sourceTree = "<group>"; };
		B03EB1512666413900A229E5 /* ShadowExamples.swift */ = {isa = PBXFileReference; fileEncoding = 4; lastKnownFileType = sourcecode.swift; path = ShadowExamples.swift; sourceTree = "<group>"; };
		B03EB1522666413900A229E5 /* TextExamples.swift */ = {isa = PBXFileReference; fileEncoding = 4; lastKnownFileType = sourcecode.swift; path = TextExamples.swift; sourceTree = "<group>"; };
		B03EB1532666413900A229E5 /* StyleGuideCard.swift */ = {isa = PBXFileReference; fileEncoding = 4; lastKnownFileType = sourcecode.swift; path = StyleGuideCard.swift; sourceTree = "<group>"; };
		B03EB1542666413900A229E5 /* GradientExamples.swift */ = {isa = PBXFileReference; fileEncoding = 4; lastKnownFileType = sourcecode.swift; path = GradientExamples.swift; sourceTree = "<group>"; };
		B03EB1552666413900A229E5 /* ColorExamples.swift */ = {isa = PBXFileReference; fileEncoding = 4; lastKnownFileType = sourcecode.swift; path = ColorExamples.swift; sourceTree = "<group>"; };
		B03EB1562666413900A229E5 /* ButtonExamples.swift */ = {isa = PBXFileReference; fileEncoding = 4; lastKnownFileType = sourcecode.swift; path = ButtonExamples.swift; sourceTree = "<group>"; };
		B03EB1572666413900A229E5 /* StyleGuideShadows.swift */ = {isa = PBXFileReference; fileEncoding = 4; lastKnownFileType = sourcecode.swift; path = StyleGuideShadows.swift; sourceTree = "<group>"; };
		B03EB1582666413900A229E5 /* StyleGuideTypography.swift */ = {isa = PBXFileReference; fileEncoding = 4; lastKnownFileType = sourcecode.swift; path = StyleGuideTypography.swift; sourceTree = "<group>"; };
		B03EB1592666413900A229E5 /* TextFontExamples.swift */ = {isa = PBXFileReference; fileEncoding = 4; lastKnownFileType = sourcecode.swift; path = TextFontExamples.swift; sourceTree = "<group>"; };
		B03EB1652666416B00A229E5 /* SpecialEffectView.swift */ = {isa = PBXFileReference; fileEncoding = 4; lastKnownFileType = sourcecode.swift; path = SpecialEffectView.swift; sourceTree = "<group>"; };
		B03EB1662666416B00A229E5 /* UsingShapesImages.swift */ = {isa = PBXFileReference; fileEncoding = 4; lastKnownFileType = sourcecode.swift; path = UsingShapesImages.swift; sourceTree = "<group>"; };
		B03EB16C2666419D00A229E5 /* ShapeModifierExamples.swift */ = {isa = PBXFileReference; fileEncoding = 4; lastKnownFileType = sourcecode.swift; path = ShapeModifierExamples.swift; sourceTree = "<group>"; };
		B03EB16D2666419D00A229E5 /* ShapeDrawingExamples.swift */ = {isa = PBXFileReference; fileEncoding = 4; lastKnownFileType = sourcecode.swift; path = ShapeDrawingExamples.swift; sourceTree = "<group>"; };
		B03EB16E2666419D00A229E5 /* EmptyArrow.swift */ = {isa = PBXFileReference; fileEncoding = 4; lastKnownFileType = sourcecode.swift; path = EmptyArrow.swift; sourceTree = "<group>"; };
		B03EB16F2666419D00A229E5 /* ShapeExamples.swift */ = {isa = PBXFileReference; fileEncoding = 4; lastKnownFileType = sourcecode.swift; path = ShapeExamples.swift; sourceTree = "<group>"; };
		B03EB1702666419D00A229E5 /* CustomShapeDrawings.swift */ = {isa = PBXFileReference; fileEncoding = 4; lastKnownFileType = sourcecode.swift; path = CustomShapeDrawings.swift; sourceTree = "<group>"; };
		B03EB176266641AA00A229E5 /* ImageColorOverview.swift */ = {isa = PBXFileReference; fileEncoding = 4; lastKnownFileType = sourcecode.swift; path = ImageColorOverview.swift; sourceTree = "<group>"; };
		B03EB177266641AA00A229E5 /* ImageSizingOverview.swift */ = {isa = PBXFileReference; fileEncoding = 4; lastKnownFileType = sourcecode.swift; path = ImageSizingOverview.swift; sourceTree = "<group>"; };
		B03EB178266641AA00A229E5 /* BlurOverlayExample.swift */ = {isa = PBXFileReference; fileEncoding = 4; lastKnownFileType = sourcecode.swift; path = BlurOverlayExample.swift; sourceTree = "<group>"; };
		B03EB17C266641B800A229E5 /* CustomIconView.swift */ = {isa = PBXFileReference; fileEncoding = 4; lastKnownFileType = sourcecode.swift; path = CustomIconView.swift; sourceTree = "<group>"; };
		B03EB17D266641B800A229E5 /* SystemIconExamples.swift */ = {isa = PBXFileReference; fileEncoding = 4; lastKnownFileType = sourcecode.swift; path = SystemIconExamples.swift; sourceTree = "<group>"; };
		B03EB17E266641B900A229E5 /* LabelView.swift */ = {isa = PBXFileReference; fileEncoding = 4; lastKnownFileType = sourcecode.swift; path = LabelView.swift; sourceTree = "<group>"; };
		B03EB1832666421600A229E5 /* IntroAnimation.swift */ = {isa = PBXFileReference; fileEncoding = 4; lastKnownFileType = sourcecode.swift; path = IntroAnimation.swift; sourceTree = "<group>"; };
		B03EB1892666425E00A229E5 /* PiShape.swift */ = {isa = PBXFileReference; fileEncoding = 4; lastKnownFileType = sourcecode.swift; path = PiShape.swift; sourceTree = "<group>"; };
/* End PBXFileReference section */

/* Begin PBXFrameworksBuildPhase section */
		B03EB13A26663A8B00A229E5 /* Frameworks */ = {
			isa = PBXFrameworksBuildPhase;
			buildActionMask = 2147483647;
			files = (
			);
			runOnlyForDeploymentPostprocessing = 0;
		};
/* End PBXFrameworksBuildPhase section */

/* Begin PBXGroup section */
		B03EB13426663A8B00A229E5 = {
			isa = PBXGroup;
			children = (
				B03EB13F26663A8B00A229E5 /* AnimationProject */,
				B03EB13E26663A8B00A229E5 /* Products */,
			);
			sourceTree = "<group>";
		};
		B03EB13E26663A8B00A229E5 /* Products */ = {
			isa = PBXGroup;
			children = (
				B03EB13D26663A8B00A229E5 /* AnimationProject.app */,
			);
			name = Products;
			sourceTree = "<group>";
		};
		B03EB13F26663A8B00A229E5 /* AnimationProject */ = {
			isa = PBXGroup;
			children = (
				B03EB1822666420300A229E5 /* Animation */,
				B03EB1642666415100A229E5 /* ImageDrawingIcons */,
				B03EB14F2666412400A229E5 /* StyleGuide */,
				B03EB14026663A8B00A229E5 /* AnimationProjectApp.swift */,
				B03EB14226663A8B00A229E5 /* ContentView.swift */,
				B03EB14426663A9700A229E5 /* Assets.xcassets */,
				B03EB14926663A9700A229E5 /* Info.plist */,
				B03EB14626663A9700A229E5 /* Preview Content */,
			);
			path = AnimationProject;
			sourceTree = "<group>";
		};
		B03EB14626663A9700A229E5 /* Preview Content */ = {
			isa = PBXGroup;
			children = (
				B03EB14726663A9700A229E5 /* Preview Assets.xcassets */,
			);
			path = "Preview Content";
			sourceTree = "<group>";
		};
		B03EB14F2666412400A229E5 /* StyleGuide */ = {
			isa = PBXGroup;
			children = (
				B03EB1562666413900A229E5 /* ButtonExamples.swift */,
				B03EB1552666413900A229E5 /* ColorExamples.swift */,
				B03EB1542666413900A229E5 /* GradientExamples.swift */,
				B03EB1512666413900A229E5 /* ShadowExamples.swift */,
				B03EB1532666413900A229E5 /* StyleGuideCard.swift */,
				B03EB1502666413900A229E5 /* StyleGuideColors.swift */,
				B03EB1572666413900A229E5 /* StyleGuideShadows.swift */,
				B03EB1582666413900A229E5 /* StyleGuideTypography.swift */,
				B03EB1522666413900A229E5 /* TextExamples.swift */,
				B03EB1592666413900A229E5 /* TextFontExamples.swift */,
			);
			path = StyleGuide;
			sourceTree = "<group>";
		};
		B03EB1642666415100A229E5 /* ImageDrawingIcons */ = {
			isa = PBXGroup;
			children = (
				B03EB16B2666418D00A229E5 /* Shapes */,
				B03EB16A2666418500A229E5 /* Images */,
				B03EB1692666417A00A229E5 /* Icons */,
				B03EB1652666416B00A229E5 /* SpecialEffectView.swift */,
				B03EB1662666416B00A229E5 /* UsingShapesImages.swift */,
			);
			path = ImageDrawingIcons;
			sourceTree = "<group>";
		};
		B03EB1692666417A00A229E5 /* Icons */ = {
			isa = PBXGroup;
			children = (
				B03EB17C266641B800A229E5 /* CustomIconView.swift */,
				B03EB17E266641B900A229E5 /* LabelView.swift */,
				B03EB17D266641B800A229E5 /* SystemIconExamples.swift */,
			);
			path = Icons;
			sourceTree = "<group>";
		};
		B03EB16A2666418500A229E5 /* Images */ = {
			isa = PBXGroup;
			children = (
				B03EB178266641AA00A229E5 /* BlurOverlayExample.swift */,
				B03EB176266641AA00A229E5 /* ImageColorOverview.swift */,
				B03EB177266641AA00A229E5 /* ImageSizingOverview.swift */,
			);
			path = Images;
			sourceTree = "<group>";
		};
		B03EB16B2666418D00A229E5 /* Shapes */ = {
			isa = PBXGroup;
			children = (
				B03EB1702666419D00A229E5 /* CustomShapeDrawings.swift */,
				B03EB16E2666419D00A229E5 /* EmptyArrow.swift */,
				B03EB16D2666419D00A229E5 /* ShapeDrawingExamples.swift */,
				B03EB16F2666419D00A229E5 /* ShapeExamples.swift */,
				B03EB16C2666419D00A229E5 /* ShapeModifierExamples.swift */,
			);
			path = Shapes;
			sourceTree = "<group>";
		};
		B03EB1822666420300A229E5 /* Animation */ = {
			isa = PBXGroup;
			children = (
				B03EB18C2666427700A229E5 /* views appear and disappear */,
				B03EB18B2666427000A229E5 /* timer */,
				B03EB1882666425300A229E5 /* shapes */,
				B03EB1872666423A00A229E5 /* how to make a animation go */,
				B03EB1862666422B00A229E5 /* animation timing */,
				B03EB1852666422400A229E5 /* animatable */,
				B03EB1832666421600A229E5 /* IntroAnimation.swift */,
			);
			path = Animation;
			sourceTree = "<group>";
		};
		B03EB1852666422400A229E5 /* animatable */ = {
			isa = PBXGroup;
			children = (
			);
			path = animatable;
			sourceTree = "<group>";
		};
		B03EB1862666422B00A229E5 /* animation timing */ = {
			isa = PBXGroup;
			children = (
			);
			path = "animation timing";
			sourceTree = "<group>";
		};
		B03EB1872666423A00A229E5 /* how to make a animation go */ = {
			isa = PBXGroup;
			children = (
			);
			path = "how to make a animation go";
			sourceTree = "<group>";
		};
		B03EB1882666425300A229E5 /* shapes */ = {
			isa = PBXGroup;
			children = (
				B03EB1892666425E00A229E5 /* PiShape.swift */,
			);
			path = shapes;
			sourceTree = "<group>";
		};
		B03EB18B2666427000A229E5 /* timer */ = {
			isa = PBXGroup;
			children = (
			);
			path = timer;
			sourceTree = "<group>";
		};
		B03EB18C2666427700A229E5 /* views appear and disappear */ = {
			isa = PBXGroup;
			children = (
			);
			path = "views appear and disappear";
			sourceTree = "<group>";
		};
/* End PBXGroup section */

/* Begin PBXNativeTarget section */
		B03EB13C26663A8B00A229E5 /* AnimationProject */ = {
			isa = PBXNativeTarget;
			buildConfigurationList = B03EB14C26663A9700A229E5 /* Build configuration list for PBXNativeTarget "AnimationProject" */;
			buildPhases = (
				B03EB13926663A8B00A229E5 /* Sources */,
				B03EB13A26663A8B00A229E5 /* Frameworks */,
				B03EB13B26663A8B00A229E5 /* Resources */,
			);
			buildRules = (
			);
			dependencies = (
			);
			name = AnimationProject;
			productName = AnimationProject;
			productReference = B03EB13D26663A8B00A229E5 /* AnimationProject.app */;
			productType = "com.apple.product-type.application";
		};
/* End PBXNativeTarget section */

/* Begin PBXProject section */
		B03EB13526663A8B00A229E5 /* Project object */ = {
			isa = PBXProject;
			attributes = {
				LastSwiftUpdateCheck = 1250;
				LastUpgradeCheck = 1250;
				TargetAttributes = {
					B03EB13C26663A8B00A229E5 = {
						CreatedOnToolsVersion = 12.5;
					};
				};
			};
			buildConfigurationList = B03EB13826663A8B00A229E5 /* Build configuration list for PBXProject "AnimationProject" */;
			compatibilityVersion = "Xcode 9.3";
			developmentRegion = en;
			hasScannedForEncodings = 0;
			knownRegions = (
				en,
				Base,
			);
			mainGroup = B03EB13426663A8B00A229E5;
			productRefGroup = B03EB13E26663A8B00A229E5 /* Products */;
			projectDirPath = "";
			projectRoot = "";
			targets = (
				B03EB13C26663A8B00A229E5 /* AnimationProject */,
			);
		};
/* End PBXProject section */

/* Begin PBXResourcesBuildPhase section */
		B03EB13B26663A8B00A229E5 /* Resources */ = {
			isa = PBXResourcesBuildPhase;
			buildActionMask = 2147483647;
			files = (
				B03EB14826663A9700A229E5 /* Preview Assets.xcassets in Resources */,
				B03EB14526663A9700A229E5 /* Assets.xcassets in Resources */,
			);
			runOnlyForDeploymentPostprocessing = 0;
		};
/* End PBXResourcesBuildPhase section */

/* Begin PBXSourcesBuildPhase section */
		B03EB13926663A8B00A229E5 /* Sources */ = {
			isa = PBXSourcesBuildPhase;
			buildActionMask = 2147483647;
			files = (
				B03EB180266641B900A229E5 /* SystemIconExamples.swift in Sources */,
				B03EB1612666413A00A229E5 /* StyleGuideShadows.swift in Sources */,
				B03EB1722666419D00A229E5 /* ShapeDrawingExamples.swift in Sources */,
				B03EB1622666413A00A229E5 /* StyleGuideTypography.swift in Sources */,
				B03EB1682666416B00A229E5 /* UsingShapesImages.swift in Sources */,
				B03EB15D2666413900A229E5 /* StyleGuideCard.swift in Sources */,
				B03EB15B2666413900A229E5 /* ShadowExamples.swift in Sources */,
				B03EB17B266641AA00A229E5 /* BlurOverlayExample.swift in Sources */,
				B03EB1602666413A00A229E5 /* ButtonExamples.swift in Sources */,
				B03EB15A2666413900A229E5 /* StyleGuideColors.swift in Sources */,
				B03EB179266641AA00A229E5 /* ImageColorOverview.swift in Sources */,
				B03EB1752666419D00A229E5 /* CustomShapeDrawings.swift in Sources */,
				B03EB14326663A8B00A229E5 /* ContentView.swift in Sources */,
				B03EB15F2666413900A229E5 /* ColorExamples.swift in Sources */,
				B03EB1742666419D00A229E5 /* ShapeExamples.swift in Sources */,
				B03EB1632666413A00A229E5 /* TextFontExamples.swift in Sources */,
				B03EB15E2666413900A229E5 /* GradientExamples.swift in Sources */,
				B03EB17F266641B900A229E5 /* CustomIconView.swift in Sources */,
				B03EB1672666416B00A229E5 /* SpecialEffectView.swift in Sources */,
				B03EB18A2666425E00A229E5 /* PiShape.swift in Sources */,
				B03EB181266641B900A229E5 /* LabelView.swift in Sources */,
				B03EB14126663A8B00A229E5 /* AnimationProjectApp.swift in Sources */,
				B03EB1732666419D00A229E5 /* EmptyArrow.swift in Sources */,
				B03EB15C2666413900A229E5 /* TextExamples.swift in Sources */,
				B03EB1712666419D00A229E5 /* ShapeModifierExamples.swift in Sources */,
				B03EB17A266641AA00A229E5 /* ImageSizingOverview.swift in Sources */,
				B03EB1842666421600A229E5 /* IntroAnimation.swift in Sources */,
			);
			runOnlyForDeploymentPostprocessing = 0;
		};
/* End PBXSourcesBuildPhase section */

/* Begin XCBuildConfiguration section */
		B03EB14A26663A9700A229E5 /* Debug */ = {
			isa = XCBuildConfiguration;
			buildSettings = {
				ALWAYS_SEARCH_USER_PATHS = NO;
				CLANG_ANALYZER_NONNULL = YES;
				CLANG_ANALYZER_NUMBER_OBJECT_CONVERSION = YES_AGGRESSIVE;
				CLANG_CXX_LANGUAGE_STANDARD = "gnu++14";
				CLANG_CXX_LIBRARY = "libc++";
				CLANG_ENABLE_MODULES = YES;
				CLANG_ENABLE_OBJC_ARC = YES;
				CLANG_ENABLE_OBJC_WEAK = YES;
				CLANG_WARN_BLOCK_CAPTURE_AUTORELEASING = YES;
				CLANG_WARN_BOOL_CONVERSION = YES;
				CLANG_WARN_COMMA = YES;
				CLANG_WARN_CONSTANT_CONVERSION = YES;
				CLANG_WARN_DEPRECATED_OBJC_IMPLEMENTATIONS = YES;
				CLANG_WARN_DIRECT_OBJC_ISA_USAGE = YES_ERROR;
				CLANG_WARN_DOCUMENTATION_COMMENTS = YES;
				CLANG_WARN_EMPTY_BODY = YES;
				CLANG_WARN_ENUM_CONVERSION = YES;
				CLANG_WARN_INFINITE_RECURSION = YES;
				CLANG_WARN_INT_CONVERSION = YES;
				CLANG_WARN_NON_LITERAL_NULL_CONVERSION = YES;
				CLANG_WARN_OBJC_IMPLICIT_RETAIN_SELF = YES;
				CLANG_WARN_OBJC_LITERAL_CONVERSION = YES;
				CLANG_WARN_OBJC_ROOT_CLASS = YES_ERROR;
				CLANG_WARN_QUOTED_INCLUDE_IN_FRAMEWORK_HEADER = YES;
				CLANG_WARN_RANGE_LOOP_ANALYSIS = YES;
				CLANG_WARN_STRICT_PROTOTYPES = YES;
				CLANG_WARN_SUSPICIOUS_MOVE = YES;
				CLANG_WARN_UNGUARDED_AVAILABILITY = YES_AGGRESSIVE;
				CLANG_WARN_UNREACHABLE_CODE = YES;
				CLANG_WARN__DUPLICATE_METHOD_MATCH = YES;
				COPY_PHASE_STRIP = NO;
				DEBUG_INFORMATION_FORMAT = dwarf;
				ENABLE_STRICT_OBJC_MSGSEND = YES;
				ENABLE_TESTABILITY = YES;
				GCC_C_LANGUAGE_STANDARD = gnu11;
				GCC_DYNAMIC_NO_PIC = NO;
				GCC_NO_COMMON_BLOCKS = YES;
				GCC_OPTIMIZATION_LEVEL = 0;
				GCC_PREPROCESSOR_DEFINITIONS = (
					"DEBUG=1",
					"$(inherited)",
				);
				GCC_WARN_64_TO_32_BIT_CONVERSION = YES;
				GCC_WARN_ABOUT_RETURN_TYPE = YES_ERROR;
				GCC_WARN_UNDECLARED_SELECTOR = YES;
				GCC_WARN_UNINITIALIZED_AUTOS = YES_AGGRESSIVE;
				GCC_WARN_UNUSED_FUNCTION = YES;
				GCC_WARN_UNUSED_VARIABLE = YES;
				IPHONEOS_DEPLOYMENT_TARGET = 14.5;
				MTL_ENABLE_DEBUG_INFO = INCLUDE_SOURCE;
				MTL_FAST_MATH = YES;
				ONLY_ACTIVE_ARCH = YES;
				SDKROOT = iphoneos;
				SWIFT_ACTIVE_COMPILATION_CONDITIONS = DEBUG;
				SWIFT_OPTIMIZATION_LEVEL = "-Onone";
			};
			name = Debug;
		};
		B03EB14B26663A9700A229E5 /* Release */ = {
			isa = XCBuildConfiguration;
			buildSettings = {
				ALWAYS_SEARCH_USER_PATHS = NO;
				CLANG_ANALYZER_NONNULL = YES;
				CLANG_ANALYZER_NUMBER_OBJECT_CONVERSION = YES_AGGRESSIVE;
				CLANG_CXX_LANGUAGE_STANDARD = "gnu++14";
				CLANG_CXX_LIBRARY = "libc++";
				CLANG_ENABLE_MODULES = YES;
				CLANG_ENABLE_OBJC_ARC = YES;
				CLANG_ENABLE_OBJC_WEAK = YES;
				CLANG_WARN_BLOCK_CAPTURE_AUTORELEASING = YES;
				CLANG_WARN_BOOL_CONVERSION = YES;
				CLANG_WARN_COMMA = YES;
				CLANG_WARN_CONSTANT_CONVERSION = YES;
				CLANG_WARN_DEPRECATED_OBJC_IMPLEMENTATIONS = YES;
				CLANG_WARN_DIRECT_OBJC_ISA_USAGE = YES_ERROR;
				CLANG_WARN_DOCUMENTATION_COMMENTS = YES;
				CLANG_WARN_EMPTY_BODY = YES;
				CLANG_WARN_ENUM_CONVERSION = YES;
				CLANG_WARN_INFINITE_RECURSION = YES;
				CLANG_WARN_INT_CONVERSION = YES;
				CLANG_WARN_NON_LITERAL_NULL_CONVERSION = YES;
				CLANG_WARN_OBJC_IMPLICIT_RETAIN_SELF = YES;
				CLANG_WARN_OBJC_LITERAL_CONVERSION = YES;
				CLANG_WARN_OBJC_ROOT_CLASS = YES_ERROR;
				CLANG_WARN_QUOTED_INCLUDE_IN_FRAMEWORK_HEADER = YES;
				CLANG_WARN_RANGE_LOOP_ANALYSIS = YES;
				CLANG_WARN_STRICT_PROTOTYPES = YES;
				CLANG_WARN_SUSPICIOUS_MOVE = YES;
				CLANG_WARN_UNGUARDED_AVAILABILITY = YES_AGGRESSIVE;
				CLANG_WARN_UNREACHABLE_CODE = YES;
				CLANG_WARN__DUPLICATE_METHOD_MATCH = YES;
				COPY_PHASE_STRIP = NO;
				DEBUG_INFORMATION_FORMAT = "dwarf-with-dsym";
				ENABLE_NS_ASSERTIONS = NO;
				ENABLE_STRICT_OBJC_MSGSEND = YES;
				GCC_C_LANGUAGE_STANDARD = gnu11;
				GCC_NO_COMMON_BLOCKS = YES;
				GCC_WARN_64_TO_32_BIT_CONVERSION = YES;
				GCC_WARN_ABOUT_RETURN_TYPE = YES_ERROR;
				GCC_WARN_UNDECLARED_SELECTOR = YES;
				GCC_WARN_UNINITIALIZED_AUTOS = YES_AGGRESSIVE;
				GCC_WARN_UNUSED_FUNCTION = YES;
				GCC_WARN_UNUSED_VARIABLE = YES;
				IPHONEOS_DEPLOYMENT_TARGET = 14.5;
				MTL_ENABLE_DEBUG_INFO = NO;
				MTL_FAST_MATH = YES;
				SDKROOT = iphoneos;
				SWIFT_COMPILATION_MODE = wholemodule;
				SWIFT_OPTIMIZATION_LEVEL = "-O";
				VALIDATE_PRODUCT = YES;
			};
			name = Release;
		};
		B03EB14D26663A9700A229E5 /* Debug */ = {
			isa = XCBuildConfiguration;
			buildSettings = {
				ASSETCATALOG_COMPILER_APPICON_NAME = AppIcon;
				ASSETCATALOG_COMPILER_GLOBAL_ACCENT_COLOR_NAME = AccentColor;
				CODE_SIGN_STYLE = Automatic;
				DEVELOPMENT_ASSET_PATHS = "\"AnimationProject/Preview Content\"";
				DEVELOPMENT_TEAM = 43CRT824P5;
				ENABLE_PREVIEWS = YES;
				INFOPLIST_FILE = AnimationProject/Info.plist;
				IPHONEOS_DEPLOYMENT_TARGET = 14.0;
				LD_RUNPATH_SEARCH_PATHS = (
					"$(inherited)",
					"@executable_path/Frameworks",
				);
				PRODUCT_BUNDLE_IDENTIFIER = RockyTurtle.AnimationProject;
				PRODUCT_NAME = "$(TARGET_NAME)";
				SWIFT_VERSION = 5.0;
				TARGETED_DEVICE_FAMILY = "1,2";
			};
			name = Debug;
		};
		B03EB14E26663A9700A229E5 /* Release */ = {
			isa = XCBuildConfiguration;
			buildSettings = {
				ASSETCATALOG_COMPILER_APPICON_NAME = AppIcon;
				ASSETCATALOG_COMPILER_GLOBAL_ACCENT_COLOR_NAME = AccentColor;
				CODE_SIGN_STYLE = Automatic;
				DEVELOPMENT_ASSET_PATHS = "\"AnimationProject/Preview Content\"";
				DEVELOPMENT_TEAM = 43CRT824P5;
				ENABLE_PREVIEWS = YES;
				INFOPLIST_FILE = AnimationProject/Info.plist;
				IPHONEOS_DEPLOYMENT_TARGET = 14.0;
				LD_RUNPATH_SEARCH_PATHS = (
					"$(inherited)",
					"@executable_path/Frameworks",
				);
				PRODUCT_BUNDLE_IDENTIFIER = RockyTurtle.AnimationProject;
				PRODUCT_NAME = "$(TARGET_NAME)";
				SWIFT_VERSION = 5.0;
				TARGETED_DEVICE_FAMILY = "1,2";
			};
			name = Release;
		};
/* End XCBuildConfiguration section */

/* Begin XCConfigurationList section */
		B03EB13826663A8B00A229E5 /* Build configuration list for PBXProject "AnimationProject" */ = {
			isa = XCConfigurationList;
			buildConfigurations = (
				B03EB14A26663A9700A229E5 /* Debug */,
				B03EB14B26663A9700A229E5 /* Release */,
			);
			defaultConfigurationIsVisible = 0;
			defaultConfigurationName = Release;
		};
		B03EB14C26663A9700A229E5 /* Build configuration list for PBXNativeTarget "AnimationProject" */ = {
			isa = XCConfigurationList;
			buildConfigurations = (
				B03EB14D26663A9700A229E5 /* Debug */,
				B03EB14E26663A9700A229E5 /* Release */,
			);
			defaultConfigurationIsVisible = 0;
			defaultConfigurationName = Release;
		};
/* End XCConfigurationList section */
	};
	rootObject = B03EB13526663A8B00A229E5 /* Project object */;
}
